
Microsoft Visual Studio Solution File, Format Version 12.00
# Visual Studio Version 17
VisualStudioVersion = 17.3.32819.101
MinimumVisualStudioVersion = 10.0.40219.1
Project("{FAE04EC0-301F-11D3-BF4B-00C04F79EFBC}") = "while loop", "while loop.csproj", "{EA7A5F6F-1414-468D-AEDE-E322EB404D2C}"
EndProject
Global
	GlobalSection(SolutionConfigurationPlatforms) = preSolution
		Debug|Any CPU = Debug|Any CPU
		Release|Any CPU = Release|Any CPU
	EndGlobalSection
	GlobalSection(ProjectConfigurationPlatforms) = postSolution
		{EA7A5F6F-1414-468D-AEDE-E322EB404D2C}.Debug|Any CPU.ActiveCfg = Debug|Any CPU
		{EA7A5F6F-1414-468D-AEDE-E322EB404D2C}.Debug|Any CPU.Build.0 = Debug|Any CPU
		{EA7A5F6F-1414-468D-AEDE-E322EB404D2C}.Release|Any CPU.ActiveCfg = Release|Any CPU
		{EA7A5F6F-1414-468D-AEDE-E322EB404D2C}.Release|Any CPU.Build.0 = Release|Any CPU
	EndGlobalSection
	GlobalSection(SolutionProperties) = preSolution
		HideSolutionNode = FALSE
	EndGlobalSection
	GlobalSection(ExtensibilityGlobals) = postSolution
		SolutionGuid = {BEBC79A1-7483-4688-AC88-3B969710AF0F}
	EndGlobalSection
EndGlobal
